github.com/ajstarks/deck v0.0.0-20190324184121-6fe4637ccacd h1:nG6kf439nci13GkLuss7tnQVjUNuusx6xkChqkT5C20=
github.com/ajstarks/deck v0.0.0-20190324184121-6fe4637ccacd/go.mod h1:j3f/59diR4DorW5A78eDYvRkdrkh+nps4p5LA1Tl05U=
honnef.co/go/tools v0.0.0-20190404041852-d36bf9040906 h1:eCa7DriK+Q8ESfZJadXOQpNNXzaM3BHdFcxwJmlYUs4=
honnef.co/go/tools v0.0.0-20190404041852-d36bf9040906/go.mod h1:rf3lG4BRIbNafJWhAfAdb/ePZxsR/4RtNHQocxwk9r4=
